
Microsoft Visual Studio Solution File, Format Version 12.00
# Visual Studio Version 17
VisualStudioVersion = 17.7.34031.279
MinimumVisualStudioVersion = 10.0.40219.1
Project("{FAE04EC0-301F-11D3-BF4B-00C04F79EFBC}") = "AppOrleansEG", "AppOrleansEG\AppOrleansEG.csproj", "{3FE6F86C-C365-4E50-B3E4-5AFF858D49F1}"
EndProject
Project("{FAE04EC0-301F-11D3-BF4B-00C04F79EFBC}") = "Client", "Client\Client.csproj", "{40CE9552-A6FC-4FD1-B697-FFC136E6FF3C}"
EndProject
Project("{FAE04EC0-301F-11D3-BF4B-00C04F79EFBC}") = "GrainInterfaces", "GrainInterfaces\GrainInterfaces.csproj", "{AF6B8763-8CA1-4CCC-BC94-637FA424B382}"
EndProject
Project("{FAE04EC0-301F-11D3-BF4B-00C04F79EFBC}") = "Grains", "Grains\Grains.csproj", "{26A303FB-CDC7-4817-A20E-79F6EA78DBB3}"
EndProject
Global
	GlobalSection(SolutionConfigurationPlatforms) = preSolution
		Debug|Any CPU = Debug|Any CPU
		Release|Any CPU = Release|Any CPU
	EndGlobalSection
	GlobalSection(ProjectConfigurationPlatforms) = postSolution
		{3FE6F86C-C365-4E50-B3E4-5AFF858D49F1}.Debug|Any CPU.ActiveCfg = Debug|Any CPU
		{3FE6F86C-C365-4E50-B3E4-5AFF858D49F1}.Debug|Any CPU.Build.0 = Debug|Any CPU
		{3FE6F86C-C365-4E50-B3E4-5AFF858D49F1}.Release|Any CPU.ActiveCfg = Release|Any CPU
		{3FE6F86C-C365-4E50-B3E4-5AFF858D49F1}.Release|Any CPU.Build.0 = Release|Any CPU
		{40CE9552-A6FC-4FD1-B697-FFC136E6FF3C}.Debug|Any CPU.ActiveCfg = Debug|Any CPU
		{40CE9552-A6FC-4FD1-B697-FFC136E6FF3C}.Debug|Any CPU.Build.0 = Debug|Any CPU
		{40CE9552-A6FC-4FD1-B697-FFC136E6FF3C}.Release|Any CPU.ActiveCfg = Release|Any CPU
		{40CE9552-A6FC-4FD1-B697-FFC136E6FF3C}.Release|Any CPU.Build.0 = Release|Any CPU
		{AF6B8763-8CA1-4CCC-BC94-637FA424B382}.Debug|Any CPU.ActiveCfg = Debug|Any CPU
		{AF6B8763-8CA1-4CCC-BC94-637FA424B382}.Debug|Any CPU.Build.0 = Debug|Any CPU
		{AF6B8763-8CA1-4CCC-BC94-637FA424B382}.Release|Any CPU.ActiveCfg = Release|Any CPU
		{AF6B8763-8CA1-4CCC-BC94-637FA424B382}.Release|Any CPU.Build.0 = Release|Any CPU
		{26A303FB-CDC7-4817-A20E-79F6EA78DBB3}.Debug|Any CPU.ActiveCfg = Debug|Any CPU
		{26A303FB-CDC7-4817-A20E-79F6EA78DBB3}.Debug|Any CPU.Build.0 = Debug|Any CPU
		{26A303FB-CDC7-4817-A20E-79F6EA78DBB3}.Release|Any CPU.ActiveCfg = Release|Any CPU
		{26A303FB-CDC7-4817-A20E-79F6EA78DBB3}.Release|Any CPU.Build.0 = Release|Any CPU
	EndGlobalSection
	GlobalSection(SolutionProperties) = preSolution
		HideSolutionNode = FALSE
	EndGlobalSection
	GlobalSection(ExtensibilityGlobals) = postSolution
		SolutionGuid = {26E11998-31BA-4618-9A0A-5CBD5EF3A383}
	EndGlobalSection
EndGlobal
